// !$*UTF8*$!
{
	archiveVersion = 1;
	classes = {
	};
	objectVersion = 55;
	objects = {

/* Begin PBXBuildFile section */
		A9A257ED2770FD5200F0F446 /* AppDelegate.swift in Sources */ = {isa = PBXBuildFile; fileRef = A9A257EC2770FD5200F0F446 /* AppDelegate.swift */; };
		A9A257EF2770FD5200F0F446 /* SceneDelegate.swift in Sources */ = {isa = PBXBuildFile; fileRef = A9A257EE2770FD5200F0F446 /* SceneDelegate.swift */; };
		A9A257F12770FD5200F0F446 /* ViewController.swift in Sources */ = {isa = PBXBuildFile; fileRef = A9A257F02770FD5200F0F446 /* ViewController.swift */; };
		A9A257F42770FD5200F0F446 /* Main.storyboard in Resources */ = {isa = PBXBuildFile; fileRef = A9A257F22770FD5200F0F446 /* Main.storyboard */; };
		A9A257F62770FD5400F0F446 /* Assets.xcassets in Resources */ = {isa = PBXBuildFile; fileRef = A9A257F52770FD5400F0F446 /* Assets.xcassets */; };
		A9A257F92770FD5400F0F446 /* LaunchScreen.storyboard in Resources */ = {isa = PBXBuildFile; fileRef = A9A257F72770FD5400F0F446 /* LaunchScreen.storyboard */; };
		A9A258042770FD5400F0F446 /* merchant_2_testTests.swift in Sources */ = {isa = PBXBuildFile; fileRef = A9A258032770FD5400F0F446 /* merchant_2_testTests.swift */; };
		A9A2580E2770FD5400F0F446 /* merchant_2_testUITests.swift in Sources */ = {isa = PBXBuildFile; fileRef = A9A2580D2770FD5400F0F446 /* merchant_2_testUITests.swift */; };
		A9A258102770FD5400F0F446 /* merchant_2_testUITestsLaunchTests.swift in Sources */ = {isa = PBXBuildFile; fileRef = A9A2580F2770FD5400F0F446 /* merchant_2_testUITestsLaunchTests.swift */; };
/* End PBXBuildFile section */

/* Begin PBXContainerItemProxy section */
		A9A258002770FD5400F0F446 /* PBXContainerItemProxy */ = {
			isa = PBXContainerItemProxy;
			containerPortal = A9A257E12770FD5200F0F446 /* Project object */;
			proxyType = 1;
			remoteGlobalIDString = A9A257E82770FD5200F0F446;
			remoteInfo = "merchant-2-test";
		};
		A9A2580A2770FD5400F0F446 /* PBXContainerItemProxy */ = {
			isa = PBXContainerItemProxy;
			containerPortal = A9A257E12770FD5200F0F446 /* Project object */;
			proxyType = 1;
			remoteGlobalIDString = A9A257E82770FD5200F0F446;
			remoteInfo = "merchant-2-test";
		};
/* End PBXContainerItemProxy section */

/* Begin PBXFileReference section */
		A9A257E92770FD5200F0F446 /* merchant-2-test.app */ = {isa = PBXFileReference; explicitFileType = wrapper.application; includeInIndex = 0; path = "merchant-2-test.app"; sourceTree = BUILT_PRODUCTS_DIR; };
		A9A257EC2770FD5200F0F446 /* AppDelegate.swift */ = {isa = PBXFileReference; lastKnownFileType = sourcecode.swift; path = AppDelegate.swift; sourceTree = "<group>"; };
		A9A257EE2770FD5200F0F446 /* SceneDelegate.swift */ = {isa = PBXFileReference; lastKnownFileType = sourcecode.swift; path = SceneDelegate.swift; sourceTree = "<group>"; };
		A9A257F02770FD5200F0F446 /* ViewController.swift */ = {isa = PBXFileReference; lastKnownFileType = sourcecode.swift; path = ViewController.swift; sourceTree = "<group>"; };
		A9A257F32770FD5200F0F446 /* Base */ = {isa = PBXFileReference; lastKnownFileType = file.storyboard; name = Base; path = Base.lproj/Main.storyboard; sourceTree = "<group>"; };
		A9A257F52770FD5400F0F446 /* Assets.xcassets */ = {isa = PBXFileReference; lastKnownFileType = folder.assetcatalog; path = Assets.xcassets; sourceTree = "<group>"; };
		A9A257F82770FD5400F0F446 /* Base */ = {isa = PBXFileReference; lastKnownFileType = file.storyboard; name = Base; path = Base.lproj/LaunchScreen.storyboard; sourceTree = "<group>"; };
		A9A257FA2770FD5400F0F446 /* Info.plist */ = {isa = PBXFileReference; lastKnownFileType = text.plist.xml; path = Info.plist; sourceTree = "<group>"; };
		A9A257FF2770FD5400F0F446 /* merchant-2-testTests.xctest */ = {isa = PBXFileReference; explicitFileType = wrapper.cfbundle; includeInIndex = 0; path = "merchant-2-testTests.xctest"; sourceTree = BUILT_PRODUCTS_DIR; };
		A9A258032770FD5400F0F446 /* merchant_2_testTests.swift */ = {isa = PBXFileReference; lastKnownFileType = sourcecode.swift; path = merchant_2_testTests.swift; sourceTree = "<group>"; };
		A9A258092770FD5400F0F446 /* merchant-2-testUITests.xctest */ = {isa = PBXFileReference; explicitFileType = wrapper.cfbundle; includeInIndex = 0; path = "merchant-2-testUITests.xctest"; sourceTree = BUILT_PRODUCTS_DIR; };
		A9A2580D2770FD5400F0F446 /* merchant_2_testUITests.swift */ = {isa = PBXFileReference; lastKnownFileType = sourcecode.swift; path = merchant_2_testUITests.swift; sourceTree = "<group>"; };
		A9A2580F2770FD5400F0F446 /* merchant_2_testUITestsLaunchTests.swift */ = {isa = PBXFileReference; lastKnownFileType = sourcecode.swift; path = merchant_2_testUITestsLaunchTests.swift; sourceTree = "<group>"; };
/* End PBXFileReference section */

/* Begin PBXFrameworksBuildPhase section */
		A9A257E62770FD5200F0F446 /* Frameworks */ = {
			isa = PBXFrameworksBuildPhase;
			buildActionMask = 2147483647;
			files = (
			);
			runOnlyForDeploymentPostprocessing = 0;
		};
		A9A257FC2770FD5400F0F446 /* Frameworks */ = {
			isa = PBXFrameworksBuildPhase;
			buildActionMask = 2147483647;
			files = (
			);
			runOnlyForDeploymentPostprocessing = 0;
		};
		A9A258062770FD5400F0F446 /* Frameworks */ = {
			isa = PBXFrameworksBuildPhase;
			buildActionMask = 2147483647;
			files = (
			);
			runOnlyForDeploymentPostprocessing = 0;
		};
/* End PBXFrameworksBuildPhase section */

/* Begin PBXGroup section */
		A9A257E02770FD5200F0F446 = {
			isa = PBXGroup;
			children = (
				A9A257EB2770FD5200F0F446 /* merchant-2-test */,
				A9A258022770FD5400F0F446 /* merchant-2-testTests */,
				A9A2580C2770FD5400F0F446 /* merchant-2-testUITests */,
				A9A257EA2770FD5200F0F446 /* Products */,
			);
			sourceTree = "<group>";
		};
		A9A257EA2770FD5200F0F446 /* Products */ = {
			isa = PBXGroup;
			children = (
				A9A257E92770FD5200F0F446 /* merchant-2-test.app */,
				A9A257FF2770FD5400F0F446 /* merchant-2-testTests.xctest */,
				A9A258092770FD5400F0F446 /* merchant-2-testUITests.xctest */,
			);
			name = Products;
			sourceTree = "<group>";
		};
		A9A257EB2770FD5200F0F446 /* merchant-2-test */ = {
			isa = PBXGroup;
			children = (
				A9A257EC2770FD5200F0F446 /* AppDelegate.swift */,
				A9A257EE2770FD5200F0F446 /* SceneDelegate.swift */,
				A9A257F02770FD5200F0F446 /* ViewController.swift */,
				A9A257F22770FD5200F0F446 /* Main.storyboard */,
				A9A257F52770FD5400F0F446 /* Assets.xcassets */,
				A9A257F72770FD5400F0F446 /* LaunchScreen.storyboard */,
				A9A257FA2770FD5400F0F446 /* Info.plist */,
			);
			path = "merchant-2-test";
			sourceTree = "<group>";
		};
		A9A258022770FD5400F0F446 /* merchant-2-testTests */ = {
			isa = PBXGroup;
			children = (
				A9A258032770FD5400F0F446 /* merchant_2_testTests.swift */,
			);
			path = "merchant-2-testTests";
			sourceTree = "<group>";
		};
		A9A2580C2770FD5400F0F446 /* merchant-2-testUITests */ = {
			isa = PBXGroup;
			children = (
				A9A2580D2770FD5400F0F446 /* merchant_2_testUITests.swift */,
				A9A2580F2770FD5400F0F446 /* merchant_2_testUITestsLaunchTests.swift */,
			);
			path = "merchant-2-testUITests";
			sourceTree = "<group>";
		};
/* End PBXGroup section */

/* Begin PBXNativeTarget section */
		A9A257E82770FD5200F0F446 /* merchant-2-test */ = {
			isa = PBXNativeTarget;
			buildConfigurationList = A9A258132770FD5400F0F446 /* Build configuration list for PBXNativeTarget "merchant-2-test" */;
			buildPhases = (
				A9A257E52770FD5200F0F446 /* Sources */,
				A9A257E62770FD5200F0F446 /* Frameworks */,
				A9A257E72770FD5200F0F446 /* Resources */,
			);
			buildRules = (
			);
			dependencies = (
			);
			name = "merchant-2-test";
			productName = "merchant-2-test";
			productReference = A9A257E92770FD5200F0F446 /* merchant-2-test.app */;
			productType = "com.apple.product-type.application";
		};
		A9A257FE2770FD5400F0F446 /* merchant-2-testTests */ = {
			isa = PBXNativeTarget;
			buildConfigurationList = A9A258162770FD5400F0F446 /* Build configuration list for PBXNativeTarget "merchant-2-testTests" */;
			buildPhases = (
				A9A257FB2770FD5400F0F446 /* Sources */,
				A9A257FC2770FD5400F0F446 /* Frameworks */,
				A9A257FD2770FD5400F0F446 /* Resources */,
			);
			buildRules = (
			);
			dependencies = (
				A9A258012770FD5400F0F446 /* PBXTargetDependency */,
			);
			name = "merchant-2-testTests";
			productName = "merchant-2-testTests";
			productReference = A9A257FF2770FD5400F0F446 /* merchant-2-testTests.xctest */;
			productType = "com.apple.product-type.bundle.unit-test";
		};
		A9A258082770FD5400F0F446 /* merchant-2-testUITests */ = {
			isa = PBXNativeTarget;
			buildConfigurationList = A9A258192770FD5400F0F446 /* Build configuration list for PBXNativeTarget "merchant-2-testUITests" */;
			buildPhases = (
				A9A258052770FD5400F0F446 /* Sources */,
				A9A258062770FD5400F0F446 /* Frameworks */,
				A9A258072770FD5400F0F446 /* Resources */,
			);
			buildRules = (
			);
			dependencies = (
				A9A2580B2770FD5400F0F446 /* PBXTargetDependency */,
			);
			name = "merchant-2-testUITests";
			productName = "merchant-2-testUITests";
			productReference = A9A258092770FD5400F0F446 /* merchant-2-testUITests.xctest */;
			productType = "com.apple.product-type.bundle.ui-testing";
		};
/* End PBXNativeTarget section */

/* Begin PBXProject section */
		A9A257E12770FD5200F0F446 /* Project object */ = {
			isa = PBXProject;
			attributes = {
				BuildIndependentTargetsInParallel = 1;
				LastSwiftUpdateCheck = 1300;
				LastUpgradeCheck = 1300;
				TargetAttributes = {
					A9A257E82770FD5200F0F446 = {
						CreatedOnToolsVersion = 13.0;
					};
					A9A257FE2770FD5400F0F446 = {
						CreatedOnToolsVersion = 13.0;
						TestTargetID = A9A257E82770FD5200F0F446;
					};
					A9A258082770FD5400F0F446 = {
						CreatedOnToolsVersion = 13.0;
						TestTargetID = A9A257E82770FD5200F0F446;
					};
				};
			};
			buildConfigurationList = A9A257E42770FD5200F0F446 /* Build configuration list for PBXProject "merchant-2-test" */;
			compatibilityVersion = "Xcode 13.0";
			developmentRegion = en;
			hasScannedForEncodings = 0;
			knownRegions = (
				en,
				Base,
			);
			mainGroup = A9A257E02770FD5200F0F446;
			productRefGroup = A9A257EA2770FD5200F0F446 /* Products */;
			projectDirPath = "";
			projectRoot = "";
			targets = (
				A9A257E82770FD5200F0F446 /* merchant-2-test */,
				A9A257FE2770FD5400F0F446 /* merchant-2-testTests */,
				A9A258082770FD5400F0F446 /* merchant-2-testUITests */,
			);
		};
/* End PBXProject section */

/* Begin PBXResourcesBuildPhase section */
		A9A257E72770FD5200F0F446 /* Resources */ = {
			isa = PBXResourcesBuildPhase;
			buildActionMask = 2147483647;
			files = (
				A9A257F92770FD5400F0F446 /* LaunchScreen.storyboard in Resources */,
				A9A257F62770FD5400F0F446 /* Assets.xcassets in Resources */,
				A9A257F42770FD5200F0F446 /* Main.storyboard in Resources */,
			);
			runOnlyForDeploymentPostprocessing = 0;
		};
		A9A257FD2770FD5400F0F446 /* Resources */ = {
			isa = PBXResourcesBuildPhase;
			buildActionMask = 2147483647;
			files = (
			);
			runOnlyForDeploymentPostprocessing = 0;
		};
		A9A258072770FD5400F0F446 /* Resources */ = {
			isa = PBXResourcesBuildPhase;
			buildActionMask = 2147483647;
			files = (
			);
			runOnlyForDeploymentPostprocessing = 0;
		};
/* End PBXResourcesBuildPhase section */

/* Begin PBXSourcesBuildPhase section */
		A9A257E52770FD5200F0F446 /* Sources */ = {
			isa = PBXSourcesBuildPhase;
			buildActionMask = 2147483647;
			files = (
				A9A257F12770FD5200F0F446 /* ViewController.swift in Sources */,
				A9A257ED2770FD5200F0F446 /* AppDelegate.swift in Sources */,
				A9A257EF2770FD5200F0F446 /* SceneDelegate.swift in Sources */,
			);
			runOnlyForDeploymentPostprocessing = 0;
		};
		A9A257FB2770FD5400F0F446 /* Sources */ = {
			isa = PBXSourcesBuildPhase;
			buildActionMask = 2147483647;
			files = (
				A9A258042770FD5400F0F446 /* merchant_2_testTests.swift in Sources */,
			);
			runOnlyForDeploymentPostprocessing = 0;
		};
		A9A258052770FD5400F0F446 /* Sources */ = {
			isa = PBXSourcesBuildPhase;
			buildActionMask = 2147483647;
			files = (
				A9A2580E2770FD5400F0F446 /* merchant_2_testUITests.swift in Sources */,
				A9A258102770FD5400F0F446 /* merchant_2_testUITestsLaunchTests.swift in Sources */,
			);
			runOnlyForDeploymentPostprocessing = 0;
		};
/* End PBXSourcesBuildPhase section */

/* Begin PBXTargetDependency section */
		A9A258012770FD5400F0F446 /* PBXTargetDependency */ = {
			isa = PBXTargetDependency;
			target = A9A257E82770FD5200F0F446 /* merchant-2-test */;
			targetProxy = A9A258002770FD5400F0F446 /* PBXContainerItemProxy */;
		};
		A9A2580B2770FD5400F0F446 /* PBXTargetDependency */ = {
			isa = PBXTargetDependency;
			target = A9A257E82770FD5200F0F446 /* merchant-2-test */;
			targetProxy = A9A2580A2770FD5400F0F446 /* PBXContainerItemProxy */;
		};
/* End PBXTargetDependency section */

/* Begin PBXVariantGroup section */
		A9A257F22770FD5200F0F446 /* Main.storyboard */ = {
			isa = PBXVariantGroup;
			children = (
				A9A257F32770FD5200F0F446 /* Base */,
			);
			name = Main.storyboard;
			sourceTree = "<group>";
		};
		A9A257F72770FD5400F0F446 /* LaunchScreen.storyboard */ = {
			isa = PBXVariantGroup;
			children = (
				A9A257F82770FD5400F0F446 /* Base */,
			);
			name = LaunchScreen.storyboard;
			sourceTree = "<group>";
		};
/* End PBXVariantGroup section */

/* Begin XCBuildConfiguration section */
		A9A258112770FD5400F0F446 /* Debug */ = {
			isa = XCBuildConfiguration;
			buildSettings = {
				ALWAYS_SEARCH_USER_PATHS = NO;
				CLANG_ANALYZER_NONNULL = YES;
				CLANG_ANALYZER_NUMBER_OBJECT_CONVERSION = YES_AGGRESSIVE;
				CLANG_CXX_LANGUAGE_STANDARD = "gnu++17";
				CLANG_CXX_LIBRARY = "libc++";
				CLANG_ENABLE_MODULES = YES;
				CLANG_ENABLE_OBJC_ARC = YES;
				CLANG_ENABLE_OBJC_WEAK = YES;
				CLANG_WARN_BLOCK_CAPTURE_AUTORELEASING = YES;
				CLANG_WARN_BOOL_CONVERSION = YES;
				CLANG_WARN_COMMA = YES;
				CLANG_WARN_CONSTANT_CONVERSION = YES;
				CLANG_WARN_DEPRECATED_OBJC_IMPLEMENTATIONS = YES;
				CLANG_WARN_DIRECT_OBJC_ISA_USAGE = YES_ERROR;
				CLANG_WARN_DOCUMENTATION_COMMENTS = YES;
				CLANG_WARN_EMPTY_BODY = YES;
				CLANG_WARN_ENUM_CONVERSION = YES;
				CLANG_WARN_INFINITE_RECURSION = YES;
				CLANG_WARN_INT_CONVERSION = YES;
				CLANG_WARN_NON_LITERAL_NULL_CONVERSION = YES;
				CLANG_WARN_OBJC_IMPLICIT_RETAIN_SELF = YES;
				CLANG_WARN_OBJC_LITERAL_CONVERSION = YES;
				CLANG_WARN_OBJC_ROOT_CLASS = YES_ERROR;
				CLANG_WARN_QUOTED_INCLUDE_IN_FRAMEWORK_HEADER = YES;
				CLANG_WARN_RANGE_LOOP_ANALYSIS = YES;
				CLANG_WARN_STRICT_PROTOTYPES = YES;
				CLANG_WARN_SUSPICIOUS_MOVE = YES;
				CLANG_WARN_UNGUARDED_AVAILABILITY = YES_AGGRESSIVE;
				CLANG_WARN_UNREACHABLE_CODE = YES;
				CLANG_WARN__DUPLICATE_METHOD_MATCH = YES;
				COPY_PHASE_STRIP = NO;
				DEBUG_INFORMATION_FORMAT = dwarf;
				ENABLE_STRICT_OBJC_MSGSEND = YES;
				ENABLE_TESTABILITY = YES;
				GCC_C_LANGUAGE_STANDARD = gnu11;
				GCC_DYNAMIC_NO_PIC = NO;
				GCC_NO_COMMON_BLOCKS = YES;
				GCC_OPTIMIZATION_LEVEL = 0;
				GCC_PREPROCESSOR_DEFINITIONS = (
					"DEBUG=1",
					"$(inherited)",
				);
				GCC_WARN_64_TO_32_BIT_CONVERSION = YES;
				GCC_WARN_ABOUT_RETURN_TYPE = YES_ERROR;
				GCC_WARN_UNDECLARED_SELECTOR = YES;
				GCC_WARN_UNINITIALIZED_AUTOS = YES_AGGRESSIVE;
				GCC_WARN_UNUSED_FUNCTION = YES;
				GCC_WARN_UNUSED_VARIABLE = YES;
				IPHONEOS_DEPLOYMENT_TARGET = 15.0;
				MTL_ENABLE_DEBUG_INFO = INCLUDE_SOURCE;
				MTL_FAST_MATH = YES;
				ONLY_ACTIVE_ARCH = YES;
				SDKROOT = iphoneos;
				SWIFT_ACTIVE_COMPILATION_CONDITIONS = DEBUG;
				SWIFT_OPTIMIZATION_LEVEL = "-Onone";
			};
			name = Debug;
		};
		A9A258122770FD5400F0F446 /* Release */ = {
			isa = XCBuildConfiguration;
			buildSettings = {
				ALWAYS_SEARCH_USER_PATHS = NO;
				CLANG_ANALYZER_NONNULL = YES;
				CLANG_ANALYZER_NUMBER_OBJECT_CONVERSION = YES_AGGRESSIVE;
				CLANG_CXX_LANGUAGE_STANDARD = "gnu++17";
				CLANG_CXX_LIBRARY = "libc++";
				CLANG_ENABLE_MODULES = YES;
				CLANG_ENABLE_OBJC_ARC = YES;
				CLANG_ENABLE_OBJC_WEAK = YES;
				CLANG_WARN_BLOCK_CAPTURE_AUTORELEASING = YES;
				CLANG_WARN_BOOL_CONVERSION = YES;
				CLANG_WARN_COMMA = YES;
				CLANG_WARN_CONSTANT_CONVERSION = YES;
				CLANG_WARN_DEPRECATED_OBJC_IMPLEMENTATIONS = YES;
				CLANG_WARN_DIRECT_OBJC_ISA_USAGE = YES_ERROR;
				CLANG_WARN_DOCUMENTATION_COMMENTS = YES;
				CLANG_WARN_EMPTY_BODY = YES;
				CLANG_WARN_ENUM_CONVERSION = YES;
				CLANG_WARN_INFINITE_RECURSION = YES;
				CLANG_WARN_INT_CONVERSION = YES;
				CLANG_WARN_NON_LITERAL_NULL_CONVERSION = YES;
				CLANG_WARN_OBJC_IMPLICIT_RETAIN_SELF = YES;
				CLANG_WARN_OBJC_LITERAL_CONVERSION = YES;
				CLANG_WARN_OBJC_ROOT_CLASS = YES_ERROR;
				CLANG_WARN_QUOTED_INCLUDE_IN_FRAMEWORK_HEADER = YES;
				CLANG_WARN_RANGE_LOOP_ANALYSIS = YES;
				CLANG_WARN_STRICT_PROTOTYPES = YES;
				CLANG_WARN_SUSPICIOUS_MOVE = YES;
				CLANG_WARN_UNGUARDED_AVAILABILITY = YES_AGGRESSIVE;
				CLANG_WARN_UNREACHABLE_CODE = YES;
				CLANG_WARN__DUPLICATE_METHOD_MATCH = YES;
				COPY_PHASE_STRIP = NO;
				DEBUG_INFORMATION_FORMAT = "dwarf-with-dsym";
				ENABLE_NS_ASSERTIONS = NO;
				ENABLE_STRICT_OBJC_MSGSEND = YES;
				GCC_C_LANGUAGE_STANDARD = gnu11;
				GCC_NO_COMMON_BLOCKS = YES;
				GCC_WARN_64_TO_32_BIT_CONVERSION = YES;
				GCC_WARN_ABOUT_RETURN_TYPE = YES_ERROR;
				GCC_WARN_UNDECLARED_SELECTOR = YES;
				GCC_WARN_UNINITIALIZED_AUTOS = YES_AGGRESSIVE;
				GCC_WARN_UNUSED_FUNCTION = YES;
				GCC_WARN_UNUSED_VARIABLE = YES;
				IPHONEOS_DEPLOYMENT_TARGET = 15.0;
				MTL_ENABLE_DEBUG_INFO = NO;
				MTL_FAST_MATH = YES;
				SDKROOT = iphoneos;
				SWIFT_COMPILATION_MODE = wholemodule;
				SWIFT_OPTIMIZATION_LEVEL = "-O";
				VALIDATE_PRODUCT = YES;
			};
			name = Release;
		};
		A9A258142770FD5400F0F446 /* Debug */ = {
			isa = XCBuildConfiguration;
			buildSettings = {
				ASSETCATALOG_COMPILER_APPICON_NAME = AppIcon;
				ASSETCATALOG_COMPILER_GLOBAL_ACCENT_COLOR_NAME = AccentColor;
				CODE_SIGN_STYLE = Automatic;
				CURRENT_PROJECT_VERSION = 1;
				DEVELOPMENT_TEAM = BU58X4KWFY;
				GENERATE_INFOPLIST_FILE = YES;
				INFOPLIST_FILE = "merchant-2-test/Info.plist";
				INFOPLIST_KEY_UIApplicationSupportsIndirectInputEvents = YES;
				INFOPLIST_KEY_UILaunchStoryboardName = LaunchScreen;
				INFOPLIST_KEY_UIMainStoryboardFile = Main;
				INFOPLIST_KEY_UISupportedInterfaceOrientations = "UIInterfaceOrientationLandscapeLeft UIInterfaceOrientationLandscapeRight UIInterfaceOrientationPortrait";
				INFOPLIST_KEY_UISupportedInterfaceOrientations_iPad = "UIInterfaceOrientationPortrait UIInterfaceOrientationPortraitUpsideDown UIInterfaceOrientationLandscapeLeft UIInterfaceOrientationLandscapeRight";
				INFOPLIST_KEY_UISupportedInterfaceOrientations_iPhone = "UIInterfaceOrientationPortrait UIInterfaceOrientationLandscapeLeft UIInterfaceOrientationLandscapeRight";
				LD_RUNPATH_SEARCH_PATHS = (
					"$(inherited)",
					"@executable_path/Frameworks",
				);
				MARKETING_VERSION = 1.0;
				PRODUCT_BUNDLE_IDENTIFIER = "com.springbig.merchant-2-test";
				PRODUCT_NAME = "$(TARGET_NAME)";
				SWIFT_EMIT_LOC_STRINGS = YES;
				SWIFT_VERSION = 5.0;
				TARGETED_DEVICE_FAMILY = 1;
			};
			name = Debug;
		};
		A9A258152770FD5400F0F446 /* Release */ = {
			isa = XCBuildConfiguration;
			buildSettings = {
				ASSETCATALOG_COMPILER_APPICON_NAME = AppIcon;
				ASSETCATALOG_COMPILER_GLOBAL_ACCENT_COLOR_NAME = AccentColor;
				CODE_SIGN_STYLE = Automatic;
				CURRENT_PROJECT_VERSION = 1;
				DEVELOPMENT_TEAM = BU58X4KWFY;
				GENERATE_INFOPLIST_FILE = YES;
				INFOPLIST_FILE = "merchant-2-test/Info.plist";
				INFOPLIST_KEY_UIApplicationSupportsIndirectInputEvents = YES;
				INFOPLIST_KEY_UILaunchStoryboardName = LaunchScreen;
				INFOPLIST_KEY_UIMainStoryboardFile = Main;
				INFOPLIST_KEY_UISupportedInterfaceOrientations = "UIInterfaceOrientationLandscapeLeft UIInterfaceOrientationLandscapeRight UIInterfaceOrientationPortrait";
				INFOPLIST_KEY_UISupportedInterfaceOrientations_iPad = "UIInterfaceOrientationPortrait UIInterfaceOrientationPortraitUpsideDown UIInterfaceOrientationLandscapeLeft UIInterfaceOrientationLandscapeRight";
				INFOPLIST_KEY_UISupportedInterfaceOrientations_iPhone = "UIInterfaceOrientationPortrait UIInterfaceOrientationLandscapeLeft UIInterfaceOrientationLandscapeRight";
				LD_RUNPATH_SEARCH_PATHS = (
					"$(inherited)",
					"@executable_path/Frameworks",
				);
				MARKETING_VERSION = 1.0;
				PRODUCT_BUNDLE_IDENTIFIER = "com.springbig.merchant-2-test";
				PRODUCT_NAME = "$(TARGET_NAME)";
				SWIFT_EMIT_LOC_STRINGS = YES;
				SWIFT_VERSION = 5.0;
				TARGETED_DEVICE_FAMILY = 1;
			};
			name = Release;
		};
		A9A258172770FD5400F0F446 /* Debug */ = {
			isa = XCBuildConfiguration;
			buildSettings = {
				ALWAYS_EMBED_SWIFT_STANDARD_LIBRARIES = YES;
				BUNDLE_LOADER = "$(TEST_HOST)";
				CODE_SIGN_STYLE = Automatic;
				CURRENT_PROJECT_VERSION = 1;
				DEVELOPMENT_TEAM = BU58X4KWFY;
				GENERATE_INFOPLIST_FILE = YES;
				IPHONEOS_DEPLOYMENT_TARGET = 15.0;
				LD_RUNPATH_SEARCH_PATHS = (
					"$(inherited)",
					"@executable_path/Frameworks",
					"@loader_path/Frameworks",
				);
				MARKETING_VERSION = 1.0;
				PRODUCT_BUNDLE_IDENTIFIER = "com.springbig.merchant-2-testTests";
				PRODUCT_NAME = "$(TARGET_NAME)";
				SWIFT_EMIT_LOC_STRINGS = NO;
				SWIFT_VERSION = 5.0;
				TARGETED_DEVICE_FAMILY = "1,2";
				TEST_HOST = "$(BUILT_PRODUCTS_DIR)/merchant-2-test.app/merchant-2-test";
			};
			name = Debug;
		};
		A9A258182770FD5400F0F446 /* Release */ = {
			isa = XCBuildConfiguration;
			buildSettings = {
				ALWAYS_EMBED_SWIFT_STANDARD_LIBRARIES = YES;
				BUNDLE_LOADER = "$(TEST_HOST)";
				CODE_SIGN_STYLE = Automatic;
				CURRENT_PROJECT_VERSION = 1;
				DEVELOPMENT_TEAM = BU58X4KWFY;
				GENERATE_INFOPLIST_FILE = YES;
				IPHONEOS_DEPLOYMENT_TARGET = 15.0;
				LD_RUNPATH_SEARCH_PATHS = (
					"$(inherited)",
					"@executable_path/Frameworks",
					"@loader_path/Frameworks",
				);
				MARKETING_VERSION = 1.0;
				PRODUCT_BUNDLE_IDENTIFIER = "com.springbig.merchant-2-testTests";
				PRODUCT_NAME = "$(TARGET_NAME)";
				SWIFT_EMIT_LOC_STRINGS = NO;
				SWIFT_VERSION = 5.0;
				TARGETED_DEVICE_FAMILY = "1,2";
				TEST_HOST = "$(BUILT_PRODUCTS_DIR)/merchant-2-test.app/merchant-2-test";
			};
			name = Release;
		};
		A9A2581A2770FD5400F0F446 /* Debug */ = {
			isa = XCBuildConfiguration;
			buildSettings = {
				ALWAYS_EMBED_SWIFT_STANDARD_LIBRARIES = YES;
				CODE_SIGN_STYLE = Automatic;
				CURRENT_PROJECT_VERSION = 1;
				DEVELOPMENT_TEAM = BU58X4KWFY;
				GENERATE_INFOPLIST_FILE = YES;
				LD_RUNPATH_SEARCH_PATHS = (
					"$(inherited)",
					"@executable_path/Frameworks",
					"@loader_path/Frameworks",
				);
				MARKETING_VERSION = 1.0;
				PRODUCT_BUNDLE_IDENTIFIER = "com.springbig.merchant-2-testUITests";
				PRODUCT_NAME = "$(TARGET_NAME)";
				SWIFT_EMIT_LOC_STRINGS = NO;
				SWIFT_VERSION = 5.0;
				TARGETED_DEVICE_FAMILY = "1,2";
				TEST_TARGET_NAME = "merchant-2-test";
			};
			name = Debug;
		};
		A9A2581B2770FD5400F0F446 /* Release */ = {
			isa = XCBuildConfiguration;
			buildSettings = {
				ALWAYS_EMBED_SWIFT_STANDARD_LIBRARIES = YES;
				CODE_SIGN_STYLE = Automatic;
				CURRENT_PROJECT_VERSION = 1;
				DEVELOPMENT_TEAM = BU58X4KWFY;
				GENERATE_INFOPLIST_FILE = YES;
				LD_RUNPATH_SEARCH_PATHS = (
					"$(inherited)",
					"@executable_path/Frameworks",
					"@loader_path/Frameworks",
				);
				MARKETING_VERSION = 1.0;
				PRODUCT_BUNDLE_IDENTIFIER = "com.springbig.merchant-2-testUITests";
				PRODUCT_NAME = "$(TARGET_NAME)";
				SWIFT_EMIT_LOC_STRINGS = NO;
				SWIFT_VERSION = 5.0;
				TARGETED_DEVICE_FAMILY = "1,2";
				TEST_TARGET_NAME = "merchant-2-test";
			};
			name = Release;
		};
/* End XCBuildConfiguration section */

/* Begin XCConfigurationList section */
		A9A257E42770FD5200F0F446 /* Build configuration list for PBXProject "merchant-2-test" */ = {
			isa = XCConfigurationList;
			buildConfigurations = (
				A9A258112770FD5400F0F446 /* Debug */,
				A9A258122770FD5400F0F446 /* Release */,
			);
			defaultConfigurationIsVisible = 0;
			defaultConfigurationName = Release;
		};
		A9A258132770FD5400F0F446 /* Build configuration list for PBXNativeTarget "merchant-2-test" */ = {
			isa = XCConfigurationList;
			buildConfigurations = (
				A9A258142770FD5400F0F446 /* Debug */,
				A9A258152770FD5400F0F446 /* Release */,
			);
			defaultConfigurationIsVisible = 0;
			defaultConfigurationName = Release;
		};
		A9A258162770FD5400F0F446 /* Build configuration list for PBXNativeTarget "merchant-2-testTests" */ = {
			isa = XCConfigurationList;
			buildConfigurations = (
				A9A258172770FD5400F0F446 /* Debug */,
				A9A258182770FD5400F0F446 /* Release */,
			);
			defaultConfigurationIsVisible = 0;
			defaultConfigurationName = Release;
		};
		A9A258192770FD5400F0F446 /* Build configuration list for PBXNativeTarget "merchant-2-testUITests" */ = {
			isa = XCConfigurationList;
			buildConfigurations = (
				A9A2581A2770FD5400F0F446 /* Debug */,
				A9A2581B2770FD5400F0F446 /* Release */,
			);
			defaultConfigurationIsVisible = 0;
			defaultConfigurationName = Release;
		};
/* End XCConfigurationList section */
	};
	rootObject = A9A257E12770FD5200F0F446 /* Project object */;
}
